
Microsoft Visual Studio Solution File, Format Version 12.00
# Visual Studio 15
Project("{FAE04EC0-301F-11D3-BF4B-00C04F79EFBC}") = "Assembly-CSharp", "Assembly-CSharp.csproj", "{53A48698-34CD-88E9-7645-A501CDF00AAA}"
EndProject
Project("{FAE04EC0-301F-11D3-BF4B-00C04F79EFBC}") = "Assembly-CSharp-Editor", "Assembly-CSharp-Editor.csproj", "{096A4B21-D924-ABE6-8240-304B23054F9B}"
EndProject
Global
	GlobalSection(SolutionConfigurationPlatforms) = preSolution
		Debug|Any CPU = Debug|Any CPU
		Release|Any CPU = Release|Any CPU
	EndGlobalSection
	GlobalSection(ProjectConfigurationPlatforms) = postSolution
		{53A48698-34CD-88E9-7645-A501CDF00AAA}.Debug|Any CPU.ActiveCfg = Debug|Any CPU
		{53A48698-34CD-88E9-7645-A501CDF00AAA}.Debug|Any CPU.Build.0 = Debug|Any CPU
		{53A48698-34CD-88E9-7645-A501CDF00AAA}.Release|Any CPU.ActiveCfg = Release|Any CPU
		{53A48698-34CD-88E9-7645-A501CDF00AAA}.Release|Any CPU.Build.0 = Release|Any CPU
		{096A4B21-D924-ABE6-8240-304B23054F9B}.Debug|Any CPU.ActiveCfg = Debug|Any CPU
		{096A4B21-D924-ABE6-8240-304B23054F9B}.Debug|Any CPU.Build.0 = Debug|Any CPU
		{096A4B21-D924-ABE6-8240-304B23054F9B}.Release|Any CPU.ActiveCfg = Release|Any CPU
		{096A4B21-D924-ABE6-8240-304B23054F9B}.Release|Any CPU.Build.0 = Release|Any CPU
	EndGlobalSection
	GlobalSection(SolutionProperties) = preSolution
		HideSolutionNode = FALSE
	EndGlobalSection
EndGlobal
